// !$*UTF8*$!
{
	archiveVersion = 1;
	classes = {
	};
	objectVersion = 46;
	objects = {

/* Begin PBXBuildFile section */
		5F37CF9F15D015BC0048EF40 /* badguy.png in Resources */ = {isa = PBXBuildFile; fileRef = 5F37CF9E15D015BC0048EF40 /* badguy.png */; };
		5FA2AE6E15CFFE2800C42A88 /* UIKit.framework in Frameworks */ = {isa = PBXBuildFile; fileRef = 5FA2AE6D15CFFE2800C42A88 /* UIKit.framework */; };
		5FA2AE7015CFFE2800C42A88 /* Foundation.framework in Frameworks */ = {isa = PBXBuildFile; fileRef = 5FA2AE6F15CFFE2800C42A88 /* Foundation.framework */; };
		5FA2AE7215CFFE2800C42A88 /* CoreGraphics.framework in Frameworks */ = {isa = PBXBuildFile; fileRef = 5FA2AE7115CFFE2800C42A88 /* CoreGraphics.framework */; };
		5FA2AE7815CFFE2800C42A88 /* InfoPlist.strings in Resources */ = {isa = PBXBuildFile; fileRef = 5FA2AE7615CFFE2800C42A88 /* InfoPlist.strings */; };
		5FA2AE7A15CFFE2800C42A88 /* main.m in Sources */ = {isa = PBXBuildFile; fileRef = 5FA2AE7915CFFE2800C42A88 /* main.m */; };
		5FA2AE7E15CFFE2800C42A88 /* AppDelegate.m in Sources */ = {isa = PBXBuildFile; fileRef = 5FA2AE7D15CFFE2800C42A88 /* AppDelegate.m */; };
		5FA2AE8115CFFE2800C42A88 /* MainStoryboard.storyboard in Resources */ = {isa = PBXBuildFile; fileRef = 5FA2AE7F15CFFE2800C42A88 /* MainStoryboard.storyboard */; };
		5FA2AE8415CFFE2800C42A88 /* ViewController.m in Sources */ = {isa = PBXBuildFile; fileRef = 5FA2AE8315CFFE2800C42A88 /* ViewController.m */; };
		5FA2AE8C15CFFE2800C42A88 /* SenTestingKit.framework in Frameworks */ = {isa = PBXBuildFile; fileRef = 5FA2AE8B15CFFE2800C42A88 /* SenTestingKit.framework */; };
		5FA2AE8D15CFFE2800C42A88 /* UIKit.framework in Frameworks */ = {isa = PBXBuildFile; fileRef = 5FA2AE6D15CFFE2800C42A88 /* UIKit.framework */; };
		5FA2AE8E15CFFE2800C42A88 /* Foundation.framework in Frameworks */ = {isa = PBXBuildFile; fileRef = 5FA2AE6F15CFFE2800C42A88 /* Foundation.framework */; };
		5FA2AE9615CFFE2800C42A88 /* InfoPlist.strings in Resources */ = {isa = PBXBuildFile; fileRef = 5FA2AE9415CFFE2800C42A88 /* InfoPlist.strings */; };
		5FA2AE9915CFFE2800C42A88 /* helloworldTests.m in Sources */ = {isa = PBXBuildFile; fileRef = 5FA2AE9815CFFE2800C42A88 /* helloworldTests.m */; };
/* End PBXBuildFile section */

/* Begin PBXContainerItemProxy section */
		5FA2AE8F15CFFE2800C42A88 /* PBXContainerItemProxy */ = {
			isa = PBXContainerItemProxy;
			containerPortal = 5FA2AE6015CFFE2800C42A88 /* Project object */;
			proxyType = 1;
			remoteGlobalIDString = 5FA2AE6815CFFE2800C42A88;
			remoteInfo = helloworld;
		};
/* End PBXContainerItemProxy section */

/* Begin PBXFileReference section */
		5F37CF9E15D015BC0048EF40 /* badguy.png */ = {isa = PBXFileReference; lastKnownFileType = image.png; name = badguy.png; path = ../../../Animation/Animation/images/badguy.png; sourceTree = "<group>"; };
		5FA2AE6915CFFE2800C42A88 /* helloworld.app */ = {isa = PBXFileReference; explicitFileType = wrapper.application; includeInIndex = 0; path = helloworld.app; sourceTree = BUILT_PRODUCTS_DIR; };
		5FA2AE6D15CFFE2800C42A88 /* UIKit.framework */ = {isa = PBXFileReference; lastKnownFileType = wrapper.framework; name = UIKit.framework; path = System/Library/Frameworks/UIKit.framework; sourceTree = SDKROOT; };
		5FA2AE6F15CFFE2800C42A88 /* Foundation.framework */ = {isa = PBXFileReference; lastKnownFileType = wrapper.framework; name = Foundation.framework; path = System/Library/Frameworks/Foundation.framework; sourceTree = SDKROOT; };
		5FA2AE7115CFFE2800C42A88 /* CoreGraphics.framework */ = {isa = PBXFileReference; lastKnownFileType = wrapper.framework; name = CoreGraphics.framework; path = System/Library/Frameworks/CoreGraphics.framework; sourceTree = SDKROOT; };
		5FA2AE7515CFFE2800C42A88 /* helloworld-Info.plist */ = {isa = PBXFileReference; lastKnownFileType = text.plist.xml; path = "helloworld-Info.plist"; sourceTree = "<group>"; };
		5FA2AE7715CFFE2800C42A88 /* en */ = {isa = PBXFileReference; lastKnownFileType = text.plist.strings; name = en; path = en.lproj/InfoPlist.strings; sourceTree = "<group>"; };
		5FA2AE7915CFFE2800C42A88 /* main.m */ = {isa = PBXFileReference; lastKnownFileType = sourcecode.c.objc; path = main.m; sourceTree = "<group>"; };
		5FA2AE7B15CFFE2800C42A88 /* helloworld-Prefix.pch */ = {isa = PBXFileReference; lastKnownFileType = sourcecode.c.h; path = "helloworld-Prefix.pch"; sourceTree = "<group>"; };
		5FA2AE7C15CFFE2800C42A88 /* AppDelegate.h */ = {isa = PBXFileReference; lastKnownFileType = sourcecode.c.h; path = AppDelegate.h; sourceTree = "<group>"; };
		5FA2AE7D15CFFE2800C42A88 /* AppDelegate.m */ = {isa = PBXFileReference; lastKnownFileType = sourcecode.c.objc; path = AppDelegate.m; sourceTree = "<group>"; };
		5FA2AE8015CFFE2800C42A88 /* en */ = {isa = PBXFileReference; lastKnownFileType = file.storyboard; name = en; path = en.lproj/MainStoryboard.storyboard; sourceTree = "<group>"; };
		5FA2AE8215CFFE2800C42A88 /* ViewController.h */ = {isa = PBXFileReference; lastKnownFileType = sourcecode.c.h; path = ViewController.h; sourceTree = "<group>"; };
		5FA2AE8315CFFE2800C42A88 /* ViewController.m */ = {isa = PBXFileReference; lastKnownFileType = sourcecode.c.objc; path = ViewController.m; sourceTree = "<group>"; };
		5FA2AE8A15CFFE2800C42A88 /* helloworldTests.octest */ = {isa = PBXFileReference; explicitFileType = wrapper.cfbundle; includeInIndex = 0; path = helloworldTests.octest; sourceTree = BUILT_PRODUCTS_DIR; };
		5FA2AE8B15CFFE2800C42A88 /* SenTestingKit.framework */ = {isa = PBXFileReference; lastKnownFileType = wrapper.framework; name = SenTestingKit.framework; path = Library/Frameworks/SenTestingKit.framework; sourceTree = DEVELOPER_DIR; };
		5FA2AE9315CFFE2800C42A88 /* helloworldTests-Info.plist */ = {isa = PBXFileReference; lastKnownFileType = text.plist.xml; path = "helloworldTests-Info.plist"; sourceTree = "<group>"; };
		5FA2AE9515CFFE2800C42A88 /* en */ = {isa = PBXFileReference; lastKnownFileType = text.plist.strings; name = en; path = en.lproj/InfoPlist.strings; sourceTree = "<group>"; };
		5FA2AE9715CFFE2800C42A88 /* helloworldTests.h */ = {isa = PBXFileReference; lastKnownFileType = sourcecode.c.h; path = helloworldTests.h; sourceTree = "<group>"; };
		5FA2AE9815CFFE2800C42A88 /* helloworldTests.m */ = {isa = PBXFileReference; lastKnownFileType = sourcecode.c.objc; path = helloworldTests.m; sourceTree = "<group>"; };
/* End PBXFileReference section */

/* Begin PBXFrameworksBuildPhase section */
		5FA2AE6615CFFE2800C42A88 /* Frameworks */ = {
			isa = PBXFrameworksBuildPhase;
			buildActionMask = 2147483647;
			files = (
				5FA2AE6E15CFFE2800C42A88 /* UIKit.framework in Frameworks */,
				5FA2AE7015CFFE2800C42A88 /* Foundation.framework in Frameworks */,
				5FA2AE7215CFFE2800C42A88 /* CoreGraphics.framework in Frameworks */,
			);
			runOnlyForDeploymentPostprocessing = 0;
		};
		5FA2AE8615CFFE2800C42A88 /* Frameworks */ = {
			isa = PBXFrameworksBuildPhase;
			buildActionMask = 2147483647;
			files = (
				5FA2AE8C15CFFE2800C42A88 /* SenTestingKit.framework in Frameworks */,
				5FA2AE8D15CFFE2800C42A88 /* UIKit.framework in Frameworks */,
				5FA2AE8E15CFFE2800C42A88 /* Foundation.framework in Frameworks */,
			);
			runOnlyForDeploymentPostprocessing = 0;
		};
/* End PBXFrameworksBuildPhase section */

/* Begin PBXGroup section */
		5FA2AE5E15CFFE2800C42A88 = {
			isa = PBXGroup;
			children = (
				5FA2AE7315CFFE2800C42A88 /* helloworld */,
				5FA2AE9115CFFE2800C42A88 /* helloworldTests */,
				5FA2AE6C15CFFE2800C42A88 /* Frameworks */,
				5FA2AE6A15CFFE2800C42A88 /* Products */,
			);
			sourceTree = "<group>";
		};
		5FA2AE6A15CFFE2800C42A88 /* Products */ = {
			isa = PBXGroup;
			children = (
				5FA2AE6915CFFE2800C42A88 /* helloworld.app */,
				5FA2AE8A15CFFE2800C42A88 /* helloworldTests.octest */,
			);
			name = Products;
			sourceTree = "<group>";
		};
		5FA2AE6C15CFFE2800C42A88 /* Frameworks */ = {
			isa = PBXGroup;
			children = (
				5FA2AE6D15CFFE2800C42A88 /* UIKit.framework */,
				5FA2AE6F15CFFE2800C42A88 /* Foundation.framework */,
				5FA2AE7115CFFE2800C42A88 /* CoreGraphics.framework */,
				5FA2AE8B15CFFE2800C42A88 /* SenTestingKit.framework */,
			);
			name = Frameworks;
			sourceTree = "<group>";
		};
		5FA2AE7315CFFE2800C42A88 /* helloworld */ = {
			isa = PBXGroup;
			children = (
				5FA2AE7C15CFFE2800C42A88 /* AppDelegate.h */,
				5FA2AE7D15CFFE2800C42A88 /* AppDelegate.m */,
				5FA2AE7F15CFFE2800C42A88 /* MainStoryboard.storyboard */,
				5FA2AE8215CFFE2800C42A88 /* ViewController.h */,
				5F37CF9E15D015BC0048EF40 /* badguy.png */,
				5FA2AE8315CFFE2800C42A88 /* ViewController.m */,
				5FA2AE7415CFFE2800C42A88 /* Supporting Files */,
			);
			path = helloworld;
			sourceTree = "<group>";
		};
		5FA2AE7415CFFE2800C42A88 /* Supporting Files */ = {
			isa = PBXGroup;
			children = (
				5FA2AE7515CFFE2800C42A88 /* helloworld-Info.plist */,
				5FA2AE7615CFFE2800C42A88 /* InfoPlist.strings */,
				5FA2AE7915CFFE2800C42A88 /* main.m */,
				5FA2AE7B15CFFE2800C42A88 /* helloworld-Prefix.pch */,
			);
			name = "Supporting Files";
			sourceTree = "<group>";
		};
		5FA2AE9115CFFE2800C42A88 /* helloworldTests */ = {
			isa = PBXGroup;
			children = (
				5FA2AE9715CFFE2800C42A88 /* helloworldTests.h */,
				5FA2AE9815CFFE2800C42A88 /* helloworldTests.m */,
				5FA2AE9215CFFE2800C42A88 /* Supporting Files */,
			);
			path = helloworldTests;
			sourceTree = "<group>";
		};
		5FA2AE9215CFFE2800C42A88 /* Supporting Files */ = {
			isa = PBXGroup;
			children = (
				5FA2AE9315CFFE2800C42A88 /* helloworldTests-Info.plist */,
				5FA2AE9415CFFE2800C42A88 /* InfoPlist.strings */,
			);
			name = "Supporting Files";
			sourceTree = "<group>";
		};
/* End PBXGroup section */

/* Begin PBXNativeTarget section */
		5FA2AE6815CFFE2800C42A88 /* helloworld */ = {
			isa = PBXNativeTarget;
			buildConfigurationList = 5FA2AE9C15CFFE2800C42A88 /* Build configuration list for PBXNativeTarget "helloworld" */;
			buildPhases = (
				5FA2AE6515CFFE2800C42A88 /* Sources */,
				5FA2AE6615CFFE2800C42A88 /* Frameworks */,
				5FA2AE6715CFFE2800C42A88 /* Resources */,
			);
			buildRules = (
			);
			dependencies = (
			);
			name = helloworld;
			productName = helloworld;
			productReference = 5FA2AE6915CFFE2800C42A88 /* helloworld.app */;
			productType = "com.apple.product-type.application";
		};
		5FA2AE8915CFFE2800C42A88 /* helloworldTests */ = {
			isa = PBXNativeTarget;
			buildConfigurationList = 5FA2AE9F15CFFE2800C42A88 /* Build configuration list for PBXNativeTarget "helloworldTests" */;
			buildPhases = (
				5FA2AE8515CFFE2800C42A88 /* Sources */,
				5FA2AE8615CFFE2800C42A88 /* Frameworks */,
				5FA2AE8715CFFE2800C42A88 /* Resources */,
				5FA2AE8815CFFE2800C42A88 /* ShellScript */,
			);
			buildRules = (
			);
			dependencies = (
				5FA2AE9015CFFE2800C42A88 /* PBXTargetDependency */,
			);
			name = helloworldTests;
			productName = helloworldTests;
			productReference = 5FA2AE8A15CFFE2800C42A88 /* helloworldTests.octest */;
			productType = "com.apple.product-type.bundle";
		};
/* End PBXNativeTarget section */

/* Begin PBXProject section */
		5FA2AE6015CFFE2800C42A88 /* Project object */ = {
			isa = PBXProject;
			attributes = {
				LastUpgradeCheck = 0440;
				ORGANIZATIONNAME = DMA;
			};
			buildConfigurationList = 5FA2AE6315CFFE2800C42A88 /* Build configuration list for PBXProject "helloworld" */;
			compatibilityVersion = "Xcode 3.2";
			developmentRegion = English;
			hasScannedForEncodings = 0;
			knownRegions = (
				en,
			);
			mainGroup = 5FA2AE5E15CFFE2800C42A88;
			productRefGroup = 5FA2AE6A15CFFE2800C42A88 /* Products */;
			projectDirPath = "";
			projectRoot = "";
			targets = (
				5FA2AE6815CFFE2800C42A88 /* helloworld */,
				5FA2AE8915CFFE2800C42A88 /* helloworldTests */,
			);
		};
/* End PBXProject section */

/* Begin PBXResourcesBuildPhase section */
		5FA2AE6715CFFE2800C42A88 /* Resources */ = {
			isa = PBXResourcesBuildPhase;
			buildActionMask = 2147483647;
			files = (
				5FA2AE7815CFFE2800C42A88 /* InfoPlist.strings in Resources */,
				5FA2AE8115CFFE2800C42A88 /* MainStoryboard.storyboard in Resources */,
				5F37CF9F15D015BC0048EF40 /* badguy.png in Resources */,
			);
			runOnlyForDeploymentPostprocessing = 0;
		};
		5FA2AE8715CFFE2800C42A88 /* Resources */ = {
			isa = PBXResourcesBuildPhase;
			buildActionMask = 2147483647;
			files = (
				5FA2AE9615CFFE2800C42A88 /* InfoPlist.strings in Resources */,
			);
			runOnlyForDeploymentPostprocessing = 0;
		};
/* End PBXResourcesBuildPhase section */

/* Begin PBXShellScriptBuildPhase section */
		5FA2AE8815CFFE2800C42A88 /* ShellScript */ = {
			isa = PBXShellScriptBuildPhase;
			buildActionMask = 2147483647;
			files = (
			);
			inputPaths = (
			);
			outputPaths = (
			);
			runOnlyForDeploymentPostprocessing = 0;
			shellPath = /bin/sh;
			shellScript = "# Run the unit tests in this test bundle.\n\"${SYSTEM_DEVELOPER_DIR}/Tools/RunUnitTests\"\n";
		};
/* End PBXShellScriptBuildPhase section */

/* Begin PBXSourcesBuildPhase section */
		5FA2AE6515CFFE2800C42A88 /* Sources */ = {
			isa = PBXSourcesBuildPhase;
			buildActionMask = 2147483647;
			files = (
				5FA2AE7A15CFFE2800C42A88 /* main.m in Sources */,
				5FA2AE7E15CFFE2800C42A88 /* AppDelegate.m in Sources */,
				5FA2AE8415CFFE2800C42A88 /* ViewController.m in Sources */,
			);
			runOnlyForDeploymentPostprocessing = 0;
		};
		5FA2AE8515CFFE2800C42A88 /* Sources */ = {
			isa = PBXSourcesBuildPhase;
			buildActionMask = 2147483647;
			files = (
				5FA2AE9915CFFE2800C42A88 /* helloworldTests.m in Sources */,
			);
			runOnlyForDeploymentPostprocessing = 0;
		};
/* End PBXSourcesBuildPhase section */

/* Begin PBXTargetDependency section */
		5FA2AE9015CFFE2800C42A88 /* PBXTargetDependency */ = {
			isa = PBXTargetDependency;
			target = 5FA2AE6815CFFE2800C42A88 /* helloworld */;
			targetProxy = 5FA2AE8F15CFFE2800C42A88 /* PBXContainerItemProxy */;
		};
/* End PBXTargetDependency section */

/* Begin PBXVariantGroup section */
		5FA2AE7615CFFE2800C42A88 /* InfoPlist.strings */ = {
			isa = PBXVariantGroup;
			children = (
				5FA2AE7715CFFE2800C42A88 /* en */,
			);
			name = InfoPlist.strings;
			sourceTree = "<group>";
		};
		5FA2AE7F15CFFE2800C42A88 /* MainStoryboard.storyboard */ = {
			isa = PBXVariantGroup;
			children = (
				5FA2AE8015CFFE2800C42A88 /* en */,
			);
			name = MainStoryboard.storyboard;
			sourceTree = "<group>";
		};
		5FA2AE9415CFFE2800C42A88 /* InfoPlist.strings */ = {
			isa = PBXVariantGroup;
			children = (
				5FA2AE9515CFFE2800C42A88 /* en */,
			);
			name = InfoPlist.strings;
			sourceTree = "<group>";
		};
/* End PBXVariantGroup section */

/* Begin XCBuildConfiguration section */
		5FA2AE9A15CFFE2800C42A88 /* Debug */ = {
			isa = XCBuildConfiguration;
			buildSettings = {
				ALWAYS_SEARCH_USER_PATHS = NO;
				ARCHS = "$(ARCHS_STANDARD_32_BIT)";
				CLANG_CXX_LANGUAGE_STANDARD = "gnu++0x";
				CLANG_ENABLE_OBJC_ARC = YES;
				CLANG_WARN__DUPLICATE_METHOD_MATCH = YES;
				"CODE_SIGN_IDENTITY[sdk=iphoneos*]" = "iPhone Developer";
				COPY_PHASE_STRIP = NO;
				GCC_C_LANGUAGE_STANDARD = gnu99;
				GCC_DYNAMIC_NO_PIC = NO;
				GCC_OPTIMIZATION_LEVEL = 0;
				GCC_PREPROCESSOR_DEFINITIONS = (
					"DEBUG=1",
					"$(inherited)",
				);
				GCC_SYMBOLS_PRIVATE_EXTERN = NO;
				GCC_VERSION = com.apple.compilers.llvm.clang.1_0;
				GCC_WARN_ABOUT_RETURN_TYPE = YES;
				GCC_WARN_UNINITIALIZED_AUTOS = YES;
				GCC_WARN_UNUSED_VARIABLE = YES;
				IPHONEOS_DEPLOYMENT_TARGET = 5.1;
				SDKROOT = iphoneos;
			};
			name = Debug;
		};
		5FA2AE9B15CFFE2800C42A88 /* Release */ = {
			isa = XCBuildConfiguration;
			buildSettings = {
				ALWAYS_SEARCH_USER_PATHS = NO;
				ARCHS = "$(ARCHS_STANDARD_32_BIT)";
				CLANG_CXX_LANGUAGE_STANDARD = "gnu++0x";
				CLANG_ENABLE_OBJC_ARC = YES;
				CLANG_WARN__DUPLICATE_METHOD_MATCH = YES;
				"CODE_SIGN_IDENTITY[sdk=iphoneos*]" = "iPhone Developer";
				COPY_PHASE_STRIP = YES;
				GCC_C_LANGUAGE_STANDARD = gnu99;
				GCC_VERSION = com.apple.compilers.llvm.clang.1_0;
				GCC_WARN_ABOUT_RETURN_TYPE = YES;
				GCC_WARN_UNINITIALIZED_AUTOS = YES;
				GCC_WARN_UNUSED_VARIABLE = YES;
				IPHONEOS_DEPLOYMENT_TARGET = 5.1;
				OTHER_CFLAGS = "-DNS_BLOCK_ASSERTIONS=1";
				SDKROOT = iphoneos;
				VALIDATE_PRODUCT = YES;
			};
			name = Release;
		};
		5FA2AE9D15CFFE2800C42A88 /* Debug */ = {
			isa = XCBuildConfiguration;
			buildSettings = {
				GCC_PRECOMPILE_PREFIX_HEADER = YES;
				GCC_PREFIX_HEADER = "helloworld/helloworld-Prefix.pch";
				INFOPLIST_FILE = "helloworld/helloworld-Info.plist";
				PRODUCT_NAME = "$(TARGET_NAME)";
				WRAPPER_EXTENSION = app;
			};
			name = Debug;
		};
		5FA2AE9E15CFFE2800C42A88 /* Release */ = {
			isa = XCBuildConfiguration;
			buildSettings = {
				GCC_PRECOMPILE_PREFIX_HEADER = YES;
				GCC_PREFIX_HEADER = "helloworld/helloworld-Prefix.pch";
				INFOPLIST_FILE = "helloworld/helloworld-Info.plist";
				PRODUCT_NAME = "$(TARGET_NAME)";
				WRAPPER_EXTENSION = app;
			};
			name = Release;
		};
		5FA2AEA015CFFE2800C42A88 /* Debug */ = {
			isa = XCBuildConfiguration;
			buildSettings = {
				BUNDLE_LOADER = "$(BUILT_PRODUCTS_DIR)/helloworld.app/helloworld";
				FRAMEWORK_SEARCH_PATHS = (
					"\"$(SDKROOT)/Developer/Library/Frameworks\"",
					"\"$(DEVELOPER_LIBRARY_DIR)/Frameworks\"",
				);
				GCC_PRECOMPILE_PREFIX_HEADER = YES;
				GCC_PREFIX_HEADER = "helloworld/helloworld-Prefix.pch";
				INFOPLIST_FILE = "helloworldTests/helloworldTests-Info.plist";
				PRODUCT_NAME = "$(TARGET_NAME)";
				TEST_HOST = "$(BUNDLE_LOADER)";
				WRAPPER_EXTENSION = octest;
			};
			name = Debug;
		};
		5FA2AEA115CFFE2800C42A88 /* Release */ = {
			isa = XCBuildConfiguration;
			buildSettings = {
				BUNDLE_LOADER = "$(BUILT_PRODUCTS_DIR)/helloworld.app/helloworld";
				FRAMEWORK_SEARCH_PATHS = (
					"\"$(SDKROOT)/Developer/Library/Frameworks\"",
					"\"$(DEVELOPER_LIBRARY_DIR)/Frameworks\"",
				);
				GCC_PRECOMPILE_PREFIX_HEADER = YES;
				GCC_PREFIX_HEADER = "helloworld/helloworld-Prefix.pch";
				INFOPLIST_FILE = "helloworldTests/helloworldTests-Info.plist";
				PRODUCT_NAME = "$(TARGET_NAME)";
				TEST_HOST = "$(BUNDLE_LOADER)";
				WRAPPER_EXTENSION = octest;
			};
			name = Release;
		};
/* End XCBuildConfiguration section */

/* Begin XCConfigurationList section */
		5FA2AE6315CFFE2800C42A88 /* Build configuration list for PBXProject "helloworld" */ = {
			isa = XCConfigurationList;
			buildConfigurations = (
				5FA2AE9A15CFFE2800C42A88 /* Debug */,
				5FA2AE9B15CFFE2800C42A88 /* Release */,
			);
			defaultConfigurationIsVisible = 0;
			defaultConfigurationName = Release;
		};
		5FA2AE9C15CFFE2800C42A88 /* Build configuration list for PBXNativeTarget "helloworld" */ = {
			isa = XCConfigurationList;
			buildConfigurations = (
				5FA2AE9D15CFFE2800C42A88 /* Debug */,
				5FA2AE9E15CFFE2800C42A88 /* Release */,
			);
			defaultConfigurationIsVisible = 0;
			defaultConfigurationName = Release;
		};
		5FA2AE9F15CFFE2800C42A88 /* Build configuration list for PBXNativeTarget "helloworldTests" */ = {
			isa = XCConfigurationList;
			buildConfigurations = (
				5FA2AEA015CFFE2800C42A88 /* Debug */,
				5FA2AEA115CFFE2800C42A88 /* Release */,
			);
			defaultConfigurationIsVisible = 0;
			defaultConfigurationName = Release;
		};
/* End XCConfigurationList section */
	};
	rootObject = 5FA2AE6015CFFE2800C42A88 /* Project object */;
}
